
Microsoft Visual Studio Solution File, Format Version 12.00
# Visual Studio Version 17
VisualStudioVersion = 17.4.33213.308
MinimumVisualStudioVersion = 10.0.40219.1
Project("{9A19103F-16F7-4668-BE54-9A1E7A4F7556}") = "01.ReverseArray", "01.ReverseArray\01.ReverseArray.csproj", "{393C2971-2D12-41D4-B489-B810BD11847C}"
EndProject
Project("{9A19103F-16F7-4668-BE54-9A1E7A4F7556}") = "02.NestedLoops", "02.NestedLoops\02.NestedLoops.csproj", "{906AB52D-0BDD-4717-B284-B9DE07C40AE2}"
EndProject
Project("{9A19103F-16F7-4668-BE54-9A1E7A4F7556}") = "03.ConnectedAreas", "03.ConnectedAreas\03.ConnectedAreas.csproj", "{02522E73-6D0D-4D82-BA89-B387E2246D7C}"
EndProject
Project("{9A19103F-16F7-4668-BE54-9A1E7A4F7556}") = "04.Cinema", "04.Cinema\04.Cinema.csproj", "{C1AD633E-E7F6-4F1F-BBDD-5A43F383E230}"
EndProject
Project("{FAE04EC0-301F-11D3-BF4B-00C04F79EFBC}") = "05.SchoolTeams", "05.SchoolTeams\05.SchoolTeams.csproj", "{3E4FE9AF-CEA0-4404-BB03-86C9300F44A2}"
EndProject
Project("{FAE04EC0-301F-11D3-BF4B-00C04F79EFBC}") = "06.WordCruncher", "06.WordCruncher\06.WordCruncher.csproj", "{3D8BC80E-C178-4838-96F2-9F994C7BAE1C}"
EndProject
Global
	GlobalSection(SolutionConfigurationPlatforms) = preSolution
		Debug|Any CPU = Debug|Any CPU
		Release|Any CPU = Release|Any CPU
	EndGlobalSection
	GlobalSection(ProjectConfigurationPlatforms) = postSolution
		{393C2971-2D12-41D4-B489-B810BD11847C}.Debug|Any CPU.ActiveCfg = Debug|Any CPU
		{393C2971-2D12-41D4-B489-B810BD11847C}.Debug|Any CPU.Build.0 = Debug|Any CPU
		{393C2971-2D12-41D4-B489-B810BD11847C}.Release|Any CPU.ActiveCfg = Release|Any CPU
		{393C2971-2D12-41D4-B489-B810BD11847C}.Release|Any CPU.Build.0 = Release|Any CPU
		{906AB52D-0BDD-4717-B284-B9DE07C40AE2}.Debug|Any CPU.ActiveCfg = Debug|Any CPU
		{906AB52D-0BDD-4717-B284-B9DE07C40AE2}.Debug|Any CPU.Build.0 = Debug|Any CPU
		{906AB52D-0BDD-4717-B284-B9DE07C40AE2}.Release|Any CPU.ActiveCfg = Release|Any CPU
		{906AB52D-0BDD-4717-B284-B9DE07C40AE2}.Release|Any CPU.Build.0 = Release|Any CPU
		{02522E73-6D0D-4D82-BA89-B387E2246D7C}.Debug|Any CPU.ActiveCfg = Debug|Any CPU
		{02522E73-6D0D-4D82-BA89-B387E2246D7C}.Debug|Any CPU.Build.0 = Debug|Any CPU
		{02522E73-6D0D-4D82-BA89-B387E2246D7C}.Release|Any CPU.ActiveCfg = Release|Any CPU
		{02522E73-6D0D-4D82-BA89-B387E2246D7C}.Release|Any CPU.Build.0 = Release|Any CPU
		{C1AD633E-E7F6-4F1F-BBDD-5A43F383E230}.Debug|Any CPU.ActiveCfg = Debug|Any CPU
		{C1AD633E-E7F6-4F1F-BBDD-5A43F383E230}.Debug|Any CPU.Build.0 = Debug|Any CPU
		{C1AD633E-E7F6-4F1F-BBDD-5A43F383E230}.Release|Any CPU.ActiveCfg = Release|Any CPU
		{C1AD633E-E7F6-4F1F-BBDD-5A43F383E230}.Release|Any CPU.Build.0 = Release|Any CPU
		{3E4FE9AF-CEA0-4404-BB03-86C9300F44A2}.Debug|Any CPU.ActiveCfg = Debug|Any CPU
		{3E4FE9AF-CEA0-4404-BB03-86C9300F44A2}.Debug|Any CPU.Build.0 = Debug|Any CPU
		{3E4FE9AF-CEA0-4404-BB03-86C9300F44A2}.Release|Any CPU.ActiveCfg = Release|Any CPU
		{3E4FE9AF-CEA0-4404-BB03-86C9300F44A2}.Release|Any CPU.Build.0 = Release|Any CPU
		{3D8BC80E-C178-4838-96F2-9F994C7BAE1C}.Debug|Any CPU.ActiveCfg = Debug|Any CPU
		{3D8BC80E-C178-4838-96F2-9F994C7BAE1C}.Debug|Any CPU.Build.0 = Debug|Any CPU
		{3D8BC80E-C178-4838-96F2-9F994C7BAE1C}.Release|Any CPU.ActiveCfg = Release|Any CPU
		{3D8BC80E-C178-4838-96F2-9F994C7BAE1C}.Release|Any CPU.Build.0 = Release|Any CPU
	EndGlobalSection
	GlobalSection(SolutionProperties) = preSolution
		HideSolutionNode = FALSE
	EndGlobalSection
	GlobalSection(ExtensibilityGlobals) = postSolution
		SolutionGuid = {A3739622-C5DE-48B5-94D1-7F866A34ED63}
	EndGlobalSection
EndGlobal
